
Microsoft Visual Studio Solution File, Format Version 12.00
# Visual Studio 15
VisualStudioVersion = 15.0.27703.2042
MinimumVisualStudioVersion = 10.0.40219.1
Project("{FAE04EC0-301F-11D3-BF4B-00C04F79EFBC}") = "RestServisim1", "RestServisim1\RestServisim1.csproj", "{E0505EBA-39B3-499A-959E-19CD911E1D71}"
EndProject
Global
	GlobalSection(SolutionConfigurationPlatforms) = preSolution
		Debug|Any CPU = Debug|Any CPU
		Release|Any CPU = Release|Any CPU
	EndGlobalSection
	GlobalSection(ProjectConfigurationPlatforms) = postSolution
		{E0505EBA-39B3-499A-959E-19CD911E1D71}.Debug|Any CPU.ActiveCfg = Debug|Any CPU
		{E0505EBA-39B3-499A-959E-19CD911E1D71}.Debug|Any CPU.Build.0 = Debug|Any CPU
		{E0505EBA-39B3-499A-959E-19CD911E1D71}.Release|Any CPU.ActiveCfg = Release|Any CPU
		{E0505EBA-39B3-499A-959E-19CD911E1D71}.Release|Any CPU.Build.0 = Release|Any CPU
	EndGlobalSection
	GlobalSection(SolutionProperties) = preSolution
		HideSolutionNode = FALSE
	EndGlobalSection
	GlobalSection(ExtensibilityGlobals) = postSolution
		SolutionGuid = {BEFA1FAE-441B-496A-97E4-3B4639DB2B55}
	EndGlobalSection
EndGlobal
